// !$*UTF8*$!
{
	archiveVersion = 1;
	classes = {
	};
	objectVersion = 46;
	objects = {

/* Begin PBXBuildFile section */
		EE1EB44719477C790047B6DB /* Foundation.framework in Frameworks */ = {isa = PBXBuildFile; fileRef = EE1EB44619477C790047B6DB /* Foundation.framework */; };
		EE1EB44919477C790047B6DB /* CoreGraphics.framework in Frameworks */ = {isa = PBXBuildFile; fileRef = EE1EB44819477C790047B6DB /* CoreGraphics.framework */; };
		EE1EB44B19477C790047B6DB /* UIKit.framework in Frameworks */ = {isa = PBXBuildFile; fileRef = EE1EB44A19477C790047B6DB /* UIKit.framework */; };
		EE1EB45119477C790047B6DB /* InfoPlist.strings in Resources */ = {isa = PBXBuildFile; fileRef = EE1EB44F19477C790047B6DB /* InfoPlist.strings */; };
		EE1EB45319477C790047B6DB /* main.m in Sources */ = {isa = PBXBuildFile; fileRef = EE1EB45219477C790047B6DB /* main.m */; };
		EE1EB45719477C790047B6DB /* SpriteKitAppDelegate.m in Sources */ = {isa = PBXBuildFile; fileRef = EE1EB45619477C790047B6DB /* SpriteKitAppDelegate.m */; };
		EE1EB45A19477C790047B6DB /* Main_iPhone.storyboard in Resources */ = {isa = PBXBuildFile; fileRef = EE1EB45819477C790047B6DB /* Main_iPhone.storyboard */; };
		EE1EB45D19477C790047B6DB /* Main_iPad.storyboard in Resources */ = {isa = PBXBuildFile; fileRef = EE1EB45B19477C790047B6DB /* Main_iPad.storyboard */; };
		EE1EB46019477C790047B6DB /* SpriteKitViewController.m in Sources */ = {isa = PBXBuildFile; fileRef = EE1EB45F19477C790047B6DB /* SpriteKitViewController.m */; };
		EE1EB46219477C790047B6DB /* Images.xcassets in Resources */ = {isa = PBXBuildFile; fileRef = EE1EB46119477C790047B6DB /* Images.xcassets */; };
		EE1EB46919477C790047B6DB /* XCTest.framework in Frameworks */ = {isa = PBXBuildFile; fileRef = EE1EB46819477C790047B6DB /* XCTest.framework */; };
		EE1EB46A19477C790047B6DB /* Foundation.framework in Frameworks */ = {isa = PBXBuildFile; fileRef = EE1EB44619477C790047B6DB /* Foundation.framework */; };
		EE1EB46B19477C790047B6DB /* UIKit.framework in Frameworks */ = {isa = PBXBuildFile; fileRef = EE1EB44A19477C790047B6DB /* UIKit.framework */; };
		EE1EB47319477C790047B6DB /* InfoPlist.strings in Resources */ = {isa = PBXBuildFile; fileRef = EE1EB47119477C790047B6DB /* InfoPlist.strings */; };
		EE1EB47519477C790047B6DB /* iBeaconMicroBenchmarkTests.m in Sources */ = {isa = PBXBuildFile; fileRef = EE1EB47419477C790047B6DB /* iBeaconMicroBenchmarkTests.m */; };
/* End PBXBuildFile section */

/* Begin PBXContainerItemProxy section */
		EE1EB46C19477C790047B6DB /* PBXContainerItemProxy */ = {
			isa = PBXContainerItemProxy;
			containerPortal = EE1EB43B19477C790047B6DB /* Project object */;
			proxyType = 1;
			remoteGlobalIDString = EE1EB44219477C790047B6DB;
			remoteInfo = iBeaconMicroBenchmark;
		};
/* End PBXContainerItemProxy section */

/* Begin PBXFileReference section */
		EE1EB44319477C790047B6DB /* iBeaconMicroBenchmark.app */ = {isa = PBXFileReference; explicitFileType = wrapper.application; includeInIndex = 0; path = iBeaconMicroBenchmark.app; sourceTree = BUILT_PRODUCTS_DIR; };
		EE1EB44619477C790047B6DB /* Foundation.framework */ = {isa = PBXFileReference; lastKnownFileType = wrapper.framework; name = Foundation.framework; path = System/Library/Frameworks/Foundation.framework; sourceTree = SDKROOT; };
		EE1EB44819477C790047B6DB /* CoreGraphics.framework */ = {isa = PBXFileReference; lastKnownFileType = wrapper.framework; name = CoreGraphics.framework; path = System/Library/Frameworks/CoreGraphics.framework; sourceTree = SDKROOT; };
		EE1EB44A19477C790047B6DB /* UIKit.framework */ = {isa = PBXFileReference; lastKnownFileType = wrapper.framework; name = UIKit.framework; path = System/Library/Frameworks/UIKit.framework; sourceTree = SDKROOT; };
		EE1EB44E19477C790047B6DB /* iBeaconMicroBenchmark-Info.plist */ = {isa = PBXFileReference; lastKnownFileType = text.plist.xml; path = "iBeaconMicroBenchmark-Info.plist"; sourceTree = "<group>"; };
		EE1EB45019477C790047B6DB /* en */ = {isa = PBXFileReference; lastKnownFileType = text.plist.strings; name = en; path = en.lproj/InfoPlist.strings; sourceTree = "<group>"; };
		EE1EB45219477C790047B6DB /* main.m */ = {isa = PBXFileReference; lastKnownFileType = sourcecode.c.objc; path = main.m; sourceTree = "<group>"; };
		EE1EB45419477C790047B6DB /* iBeaconMicroBenchmark-Prefix.pch */ = {isa = PBXFileReference; lastKnownFileType = sourcecode.c.h; path = "iBeaconMicroBenchmark-Prefix.pch"; sourceTree = "<group>"; };
		EE1EB45519477C790047B6DB /* SpriteKitAppDelegate.h */ = {isa = PBXFileReference; lastKnownFileType = sourcecode.c.h; path = SpriteKitAppDelegate.h; sourceTree = "<group>"; };
		EE1EB45619477C790047B6DB /* SpriteKitAppDelegate.m */ = {isa = PBXFileReference; lastKnownFileType = sourcecode.c.objc; path = SpriteKitAppDelegate.m; sourceTree = "<group>"; };
		EE1EB45919477C790047B6DB /* Base */ = {isa = PBXFileReference; lastKnownFileType = file.storyboard; name = Base; path = Base.lproj/Main_iPhone.storyboard; sourceTree = "<group>"; };
		EE1EB45C19477C790047B6DB /* Base */ = {isa = PBXFileReference; lastKnownFileType = file.storyboard; name = Base; path = Base.lproj/Main_iPad.storyboard; sourceTree = "<group>"; };
		EE1EB45E19477C790047B6DB /* SpriteKitViewController.h */ = {isa = PBXFileReference; lastKnownFileType = sourcecode.c.h; path = SpriteKitViewController.h; sourceTree = "<group>"; };
		EE1EB45F19477C790047B6DB /* SpriteKitViewController.m */ = {isa = PBXFileReference; lastKnownFileType = sourcecode.c.objc; path = SpriteKitViewController.m; sourceTree = "<group>"; };
		EE1EB46119477C790047B6DB /* Images.xcassets */ = {isa = PBXFileReference; lastKnownFileType = folder.assetcatalog; path = Images.xcassets; sourceTree = "<group>"; };
		EE1EB46719477C790047B6DB /* iBeaconMicroBenchmarkTests.xctest */ = {isa = PBXFileReference; explicitFileType = wrapper.cfbundle; includeInIndex = 0; path = iBeaconMicroBenchmarkTests.xctest; sourceTree = BUILT_PRODUCTS_DIR; };
		EE1EB46819477C790047B6DB /* XCTest.framework */ = {isa = PBXFileReference; lastKnownFileType = wrapper.framework; name = XCTest.framework; path = Library/Frameworks/XCTest.framework; sourceTree = DEVELOPER_DIR; };
		EE1EB47019477C790047B6DB /* iBeaconMicroBenchmarkTests-Info.plist */ = {isa = PBXFileReference; lastKnownFileType = text.plist.xml; path = "iBeaconMicroBenchmarkTests-Info.plist"; sourceTree = "<group>"; };
		EE1EB47219477C790047B6DB /* en */ = {isa = PBXFileReference; lastKnownFileType = text.plist.strings; name = en; path = en.lproj/InfoPlist.strings; sourceTree = "<group>"; };
		EE1EB47419477C790047B6DB /* iBeaconMicroBenchmarkTests.m */ = {isa = PBXFileReference; lastKnownFileType = sourcecode.c.objc; path = iBeaconMicroBenchmarkTests.m; sourceTree = "<group>"; };
/* End PBXFileReference section */

/* Begin PBXFrameworksBuildPhase section */
		EE1EB44019477C790047B6DB /* Frameworks */ = {
			isa = PBXFrameworksBuildPhase;
			buildActionMask = 2147483647;
			files = (
				EE1EB44919477C790047B6DB /* CoreGraphics.framework in Frameworks */,
				EE1EB44B19477C790047B6DB /* UIKit.framework in Frameworks */,
				EE1EB44719477C790047B6DB /* Foundation.framework in Frameworks */,
			);
			runOnlyForDeploymentPostprocessing = 0;
		};
		EE1EB46419477C790047B6DB /* Frameworks */ = {
			isa = PBXFrameworksBuildPhase;
			buildActionMask = 2147483647;
			files = (
				EE1EB46919477C790047B6DB /* XCTest.framework in Frameworks */,
				EE1EB46B19477C790047B6DB /* UIKit.framework in Frameworks */,
				EE1EB46A19477C790047B6DB /* Foundation.framework in Frameworks */,
			);
			runOnlyForDeploymentPostprocessing = 0;
		};
/* End PBXFrameworksBuildPhase section */

/* Begin PBXGroup section */
		EE1EB43A19477C790047B6DB = {
			isa = PBXGroup;
			children = (
				EE1EB44C19477C790047B6DB /* iBeaconMicroBenchmark */,
				EE1EB46E19477C790047B6DB /* iBeaconMicroBenchmarkTests */,
				EE1EB44519477C790047B6DB /* Frameworks */,
				EE1EB44419477C790047B6DB /* Products */,
			);
			sourceTree = "<group>";
		};
		EE1EB44419477C790047B6DB /* Products */ = {
			isa = PBXGroup;
			children = (
				EE1EB44319477C790047B6DB /* iBeaconMicroBenchmark.app */,
				EE1EB46719477C790047B6DB /* iBeaconMicroBenchmarkTests.xctest */,
			);
			name = Products;
			sourceTree = "<group>";
		};
		EE1EB44519477C790047B6DB /* Frameworks */ = {
			isa = PBXGroup;
			children = (
				EE1EB44619477C790047B6DB /* Foundation.framework */,
				EE1EB44819477C790047B6DB /* CoreGraphics.framework */,
				EE1EB44A19477C790047B6DB /* UIKit.framework */,
				EE1EB46819477C790047B6DB /* XCTest.framework */,
			);
			name = Frameworks;
			sourceTree = "<group>";
		};
		EE1EB44C19477C790047B6DB /* iBeaconMicroBenchmark */ = {
			isa = PBXGroup;
			children = (
				EE1EB45519477C790047B6DB /* SpriteKitAppDelegate.h */,
				EE1EB45619477C790047B6DB /* SpriteKitAppDelegate.m */,
				EE1EB45819477C790047B6DB /* Main_iPhone.storyboard */,
				EE1EB45B19477C790047B6DB /* Main_iPad.storyboard */,
				EE1EB45E19477C790047B6DB /* SpriteKitViewController.h */,
				EE1EB45F19477C790047B6DB /* SpriteKitViewController.m */,
				EE1EB46119477C790047B6DB /* Images.xcassets */,
				EE1EB44D19477C790047B6DB /* Supporting Files */,
			);
			path = iBeaconMicroBenchmark;
			sourceTree = "<group>";
		};
		EE1EB44D19477C790047B6DB /* Supporting Files */ = {
			isa = PBXGroup;
			children = (
				EE1EB44E19477C790047B6DB /* iBeaconMicroBenchmark-Info.plist */,
				EE1EB44F19477C790047B6DB /* InfoPlist.strings */,
				EE1EB45219477C790047B6DB /* main.m */,
				EE1EB45419477C790047B6DB /* iBeaconMicroBenchmark-Prefix.pch */,
			);
			name = "Supporting Files";
			sourceTree = "<group>";
		};
		EE1EB46E19477C790047B6DB /* iBeaconMicroBenchmarkTests */ = {
			isa = PBXGroup;
			children = (
				EE1EB47419477C790047B6DB /* iBeaconMicroBenchmarkTests.m */,
				EE1EB46F19477C790047B6DB /* Supporting Files */,
			);
			path = iBeaconMicroBenchmarkTests;
			sourceTree = "<group>";
		};
		EE1EB46F19477C790047B6DB /* Supporting Files */ = {
			isa = PBXGroup;
			children = (
				EE1EB47019477C790047B6DB /* iBeaconMicroBenchmarkTests-Info.plist */,
				EE1EB47119477C790047B6DB /* InfoPlist.strings */,
			);
			name = "Supporting Files";
			sourceTree = "<group>";
		};
/* End PBXGroup section */

/* Begin PBXNativeTarget section */
		EE1EB44219477C790047B6DB /* iBeaconMicroBenchmark */ = {
			isa = PBXNativeTarget;
			buildConfigurationList = EE1EB47819477C790047B6DB /* Build configuration list for PBXNativeTarget "iBeaconMicroBenchmark" */;
			buildPhases = (
				EE1EB43F19477C790047B6DB /* Sources */,
				EE1EB44019477C790047B6DB /* Frameworks */,
				EE1EB44119477C790047B6DB /* Resources */,
			);
			buildRules = (
			);
			dependencies = (
			);
			name = iBeaconMicroBenchmark;
			productName = iBeaconMicroBenchmark;
			productReference = EE1EB44319477C790047B6DB /* iBeaconMicroBenchmark.app */;
			productType = "com.apple.product-type.application";
		};
		EE1EB46619477C790047B6DB /* iBeaconMicroBenchmarkTests */ = {
			isa = PBXNativeTarget;
			buildConfigurationList = EE1EB47B19477C790047B6DB /* Build configuration list for PBXNativeTarget "iBeaconMicroBenchmarkTests" */;
			buildPhases = (
				EE1EB46319477C790047B6DB /* Sources */,
				EE1EB46419477C790047B6DB /* Frameworks */,
				EE1EB46519477C790047B6DB /* Resources */,
			);
			buildRules = (
			);
			dependencies = (
				EE1EB46D19477C790047B6DB /* PBXTargetDependency */,
			);
			name = iBeaconMicroBenchmarkTests;
			productName = iBeaconMicroBenchmarkTests;
			productReference = EE1EB46719477C790047B6DB /* iBeaconMicroBenchmarkTests.xctest */;
			productType = "com.apple.product-type.bundle.unit-test";
		};
/* End PBXNativeTarget section */

/* Begin PBXProject section */
		EE1EB43B19477C790047B6DB /* Project object */ = {
			isa = PBXProject;
			attributes = {
				CLASSPREFIX = SpriteKit;
				LastUpgradeCheck = 0510;
				ORGANIZATIONNAME = "Bo Jhang Ho";
				TargetAttributes = {
					EE1EB46619477C790047B6DB = {
						TestTargetID = EE1EB44219477C790047B6DB;
					};
				};
			};
			buildConfigurationList = EE1EB43E19477C790047B6DB /* Build configuration list for PBXProject "iBeaconMicroBenchmark" */;
			compatibilityVersion = "Xcode 3.2";
			developmentRegion = English;
			hasScannedForEncodings = 0;
			knownRegions = (
				en,
				Base,
			);
			mainGroup = EE1EB43A19477C790047B6DB;
			productRefGroup = EE1EB44419477C790047B6DB /* Products */;
			projectDirPath = "";
			projectRoot = "";
			targets = (
				EE1EB44219477C790047B6DB /* iBeaconMicroBenchmark */,
				EE1EB46619477C790047B6DB /* iBeaconMicroBenchmarkTests */,
			);
		};
/* End PBXProject section */

/* Begin PBXResourcesBuildPhase section */
		EE1EB44119477C790047B6DB /* Resources */ = {
			isa = PBXResourcesBuildPhase;
			buildActionMask = 2147483647;
			files = (
				EE1EB45D19477C790047B6DB /* Main_iPad.storyboard in Resources */,
				EE1EB46219477C790047B6DB /* Images.xcassets in Resources */,
				EE1EB45A19477C790047B6DB /* Main_iPhone.storyboard in Resources */,
				EE1EB45119477C790047B6DB /* InfoPlist.strings in Resources */,
			);
			runOnlyForDeploymentPostprocessing = 0;
		};
		EE1EB46519477C790047B6DB /* Resources */ = {
			isa = PBXResourcesBuildPhase;
			buildActionMask = 2147483647;
			files = (
				EE1EB47319477C790047B6DB /* InfoPlist.strings in Resources */,
			);
			runOnlyForDeploymentPostprocessing = 0;
		};
/* End PBXResourcesBuildPhase section */

/* Begin PBXSourcesBuildPhase section */
		EE1EB43F19477C790047B6DB /* Sources */ = {
			isa = PBXSourcesBuildPhase;
			buildActionMask = 2147483647;
			files = (
				EE1EB45719477C790047B6DB /* SpriteKitAppDelegate.m in Sources */,
				EE1EB45319477C790047B6DB /* main.m in Sources */,
				EE1EB46019477C790047B6DB /* SpriteKitViewController.m in Sources */,
			);
			runOnlyForDeploymentPostprocessing = 0;
		};
		EE1EB46319477C790047B6DB /* Sources */ = {
			isa = PBXSourcesBuildPhase;
			buildActionMask = 2147483647;
			files = (
				EE1EB47519477C790047B6DB /* iBeaconMicroBenchmarkTests.m in Sources */,
			);
			runOnlyForDeploymentPostprocessing = 0;
		};
/* End PBXSourcesBuildPhase section */

/* Begin PBXTargetDependency section */
		EE1EB46D19477C790047B6DB /* PBXTargetDependency */ = {
			isa = PBXTargetDependency;
			target = EE1EB44219477C790047B6DB /* iBeaconMicroBenchmark */;
			targetProxy = EE1EB46C19477C790047B6DB /* PBXContainerItemProxy */;
		};
/* End PBXTargetDependency section */

/* Begin PBXVariantGroup section */
		EE1EB44F19477C790047B6DB /* InfoPlist.strings */ = {
			isa = PBXVariantGroup;
			children = (
				EE1EB45019477C790047B6DB /* en */,
			);
			name = InfoPlist.strings;
			sourceTree = "<group>";
		};
		EE1EB45819477C790047B6DB /* Main_iPhone.storyboard */ = {
			isa = PBXVariantGroup;
			children = (
				EE1EB45919477C790047B6DB /* Base */,
			);
			name = Main_iPhone.storyboard;
			sourceTree = "<group>";
		};
		EE1EB45B19477C790047B6DB /* Main_iPad.storyboard */ = {
			isa = PBXVariantGroup;
			children = (
				EE1EB45C19477C790047B6DB /* Base */,
			);
			name = Main_iPad.storyboard;
			sourceTree = "<group>";
		};
		EE1EB47119477C790047B6DB /* InfoPlist.strings */ = {
			isa = PBXVariantGroup;
			children = (
				EE1EB47219477C790047B6DB /* en */,
			);
			name = InfoPlist.strings;
			sourceTree = "<group>";
		};
/* End PBXVariantGroup section */

/* Begin XCBuildConfiguration section */
		EE1EB47619477C790047B6DB /* Debug */ = {
			isa = XCBuildConfiguration;
			buildSettings = {
				ALWAYS_SEARCH_USER_PATHS = NO;
				CLANG_CXX_LANGUAGE_STANDARD = "gnu++0x";
				CLANG_CXX_LIBRARY = "libc++";
				CLANG_ENABLE_MODULES = YES;
				CLANG_ENABLE_OBJC_ARC = YES;
				CLANG_WARN_BOOL_CONVERSION = YES;
				CLANG_WARN_CONSTANT_CONVERSION = YES;
				CLANG_WARN_DIRECT_OBJC_ISA_USAGE = YES_ERROR;
				CLANG_WARN_EMPTY_BODY = YES;
				CLANG_WARN_ENUM_CONVERSION = YES;
				CLANG_WARN_INT_CONVERSION = YES;
				CLANG_WARN_OBJC_ROOT_CLASS = YES_ERROR;
				CLANG_WARN__DUPLICATE_METHOD_MATCH = YES;
				"CODE_SIGN_IDENTITY[sdk=iphoneos*]" = "iPhone Developer";
				COPY_PHASE_STRIP = NO;
				GCC_C_LANGUAGE_STANDARD = gnu99;
				GCC_DYNAMIC_NO_PIC = NO;
				GCC_OPTIMIZATION_LEVEL = 0;
				GCC_PREPROCESSOR_DEFINITIONS = (
					"DEBUG=1",
					"$(inherited)",
				);
				GCC_SYMBOLS_PRIVATE_EXTERN = NO;
				GCC_WARN_64_TO_32_BIT_CONVERSION = YES;
				GCC_WARN_ABOUT_RETURN_TYPE = YES_ERROR;
				GCC_WARN_UNDECLARED_SELECTOR = YES;
				GCC_WARN_UNINITIALIZED_AUTOS = YES_AGGRESSIVE;
				GCC_WARN_UNUSED_FUNCTION = YES;
				GCC_WARN_UNUSED_VARIABLE = YES;
				IPHONEOS_DEPLOYMENT_TARGET = 7.1;
				ONLY_ACTIVE_ARCH = YES;
				SDKROOT = iphoneos;
				TARGETED_DEVICE_FAMILY = "1,2";
			};
			name = Debug;
		};
		EE1EB47719477C790047B6DB /* Release */ = {
			isa = XCBuildConfiguration;
			buildSettings = {
				ALWAYS_SEARCH_USER_PATHS = NO;
				CLANG_CXX_LANGUAGE_STANDARD = "gnu++0x";
				CLANG_CXX_LIBRARY = "libc++";
				CLANG_ENABLE_MODULES = YES;
				CLANG_ENABLE_OBJC_ARC = YES;
				CLANG_WARN_BOOL_CONVERSION = YES;
				CLANG_WARN_CONSTANT_CONVERSION = YES;
				CLANG_WARN_DIRECT_OBJC_ISA_USAGE = YES_ERROR;
				CLANG_WARN_EMPTY_BODY = YES;
				CLANG_WARN_ENUM_CONVERSION = YES;
				CLANG_WARN_INT_CONVERSION = YES;
				CLANG_WARN_OBJC_ROOT_CLASS = YES_ERROR;
				CLANG_WARN__DUPLICATE_METHOD_MATCH = YES;
				"CODE_SIGN_IDENTITY[sdk=iphoneos*]" = "iPhone Developer";
				COPY_PHASE_STRIP = YES;
				ENABLE_NS_ASSERTIONS = NO;
				GCC_C_LANGUAGE_STANDARD = gnu99;
				GCC_WARN_64_TO_32_BIT_CONVERSION = YES;
				GCC_WARN_ABOUT_RETURN_TYPE = YES_ERROR;
				GCC_WARN_UNDECLARED_SELECTOR = YES;
				GCC_WARN_UNINITIALIZED_AUTOS = YES_AGGRESSIVE;
				GCC_WARN_UNUSED_FUNCTION = YES;
				GCC_WARN_UNUSED_VARIABLE = YES;
				IPHONEOS_DEPLOYMENT_TARGET = 7.1;
				SDKROOT = iphoneos;
				TARGETED_DEVICE_FAMILY = "1,2";
				VALIDATE_PRODUCT = YES;
			};
			name = Release;
		};
		EE1EB47919477C790047B6DB /* Debug */ = {
			isa = XCBuildConfiguration;
			buildSettings = {
				ASSETCATALOG_COMPILER_APPICON_NAME = AppIcon;
				ASSETCATALOG_COMPILER_LAUNCHIMAGE_NAME = LaunchImage;
				GCC_PRECOMPILE_PREFIX_HEADER = YES;
				GCC_PREFIX_HEADER = "iBeaconMicroBenchmark/iBeaconMicroBenchmark-Prefix.pch";
				INFOPLIST_FILE = "iBeaconMicroBenchmark/iBeaconMicroBenchmark-Info.plist";
				PRODUCT_NAME = "$(TARGET_NAME)";
				WRAPPER_EXTENSION = app;
			};
			name = Debug;
		};
		EE1EB47A19477C790047B6DB /* Release */ = {
			isa = XCBuildConfiguration;
			buildSettings = {
				ASSETCATALOG_COMPILER_APPICON_NAME = AppIcon;
				ASSETCATALOG_COMPILER_LAUNCHIMAGE_NAME = LaunchImage;
				GCC_PRECOMPILE_PREFIX_HEADER = YES;
				GCC_PREFIX_HEADER = "iBeaconMicroBenchmark/iBeaconMicroBenchmark-Prefix.pch";
				INFOPLIST_FILE = "iBeaconMicroBenchmark/iBeaconMicroBenchmark-Info.plist";
				PRODUCT_NAME = "$(TARGET_NAME)";
				WRAPPER_EXTENSION = app;
			};
			name = Release;
		};
		EE1EB47C19477C790047B6DB /* Debug */ = {
			isa = XCBuildConfiguration;
			buildSettings = {
				BUNDLE_LOADER = "$(BUILT_PRODUCTS_DIR)/iBeaconMicroBenchmark.app/iBeaconMicroBenchmark";
				FRAMEWORK_SEARCH_PATHS = (
					"$(SDKROOT)/Developer/Library/Frameworks",
					"$(inherited)",
					"$(DEVELOPER_FRAMEWORKS_DIR)",
				);
				GCC_PRECOMPILE_PREFIX_HEADER = YES;
				GCC_PREFIX_HEADER = "iBeaconMicroBenchmark/iBeaconMicroBenchmark-Prefix.pch";
				GCC_PREPROCESSOR_DEFINITIONS = (
					"DEBUG=1",
					"$(inherited)",
				);
				INFOPLIST_FILE = "iBeaconMicroBenchmarkTests/iBeaconMicroBenchmarkTests-Info.plist";
				PRODUCT_NAME = "$(TARGET_NAME)";
				TEST_HOST = "$(BUNDLE_LOADER)";
				WRAPPER_EXTENSION = xctest;
			};
			name = Debug;
		};
		EE1EB47D19477C790047B6DB /* Release */ = {
			isa = XCBuildConfiguration;
			buildSettings = {
				BUNDLE_LOADER = "$(BUILT_PRODUCTS_DIR)/iBeaconMicroBenchmark.app/iBeaconMicroBenchmark";
				FRAMEWORK_SEARCH_PATHS = (
					"$(SDKROOT)/Developer/Library/Frameworks",
					"$(inherited)",
					"$(DEVELOPER_FRAMEWORKS_DIR)",
				);
				GCC_PRECOMPILE_PREFIX_HEADER = YES;
				GCC_PREFIX_HEADER = "iBeaconMicroBenchmark/iBeaconMicroBenchmark-Prefix.pch";
				INFOPLIST_FILE = "iBeaconMicroBenchmarkTests/iBeaconMicroBenchmarkTests-Info.plist";
				PRODUCT_NAME = "$(TARGET_NAME)";
				TEST_HOST = "$(BUNDLE_LOADER)";
				WRAPPER_EXTENSION = xctest;
			};
			name = Release;
		};
/* End XCBuildConfiguration section */

/* Begin XCConfigurationList section */
		EE1EB43E19477C790047B6DB /* Build configuration list for PBXProject "iBeaconMicroBenchmark" */ = {
			isa = XCConfigurationList;
			buildConfigurations = (
				EE1EB47619477C790047B6DB /* Debug */,
				EE1EB47719477C790047B6DB /* Release */,
			);
			defaultConfigurationIsVisible = 0;
			defaultConfigurationName = Release;
		};
		EE1EB47819477C790047B6DB /* Build configuration list for PBXNativeTarget "iBeaconMicroBenchmark" */ = {
			isa = XCConfigurationList;
			buildConfigurations = (
				EE1EB47919477C790047B6DB /* Debug */,
				EE1EB47A19477C790047B6DB /* Release */,
			);
			defaultConfigurationIsVisible = 0;
		};
		EE1EB47B19477C790047B6DB /* Build configuration list for PBXNativeTarget "iBeaconMicroBenchmarkTests" */ = {
			isa = XCConfigurationList;
			buildConfigurations = (
				EE1EB47C19477C790047B6DB /* Debug */,
				EE1EB47D19477C790047B6DB /* Release */,
			);
			defaultConfigurationIsVisible = 0;
		};
/* End XCConfigurationList section */
	};
	rootObject = EE1EB43B19477C790047B6DB /* Project object */;
}
